version = 1
requires-python = ">=3.13"

[[package]]
name = "asgiref"
version = "3.8.1"
source = { registry = "https://pypi.org/simple" }
sdist = { url = "https://files.pythonhosted.org/packages/29/38/b3395cc9ad1b56d2ddac9970bc8f4141312dbaec28bc7c218b0dfafd0f42/asgiref-3.8.1.tar.gz", hash = "sha256:c343bd80a0bec947a9860adb4c432ffa7db769836c64238fc34bdc3fec84d590", size = 35186 }
wheels = [
    { url = "https://files.pythonhosted.org/packages/39/e3/893e8757be2612e6c266d9bb58ad2e3651524b5b40cf56761e985a28b13e/asgiref-3.8.1-py3-none-any.whl", hash = "sha256:3e1e3ecc849832fe52ccf2cb6686b7a55f82bb1d6aee72a58826471390335e47", size = 23828 },
]

[[package]]
name = "cashflows"
version = "0.1.0"
source = { virtual = "." }
dependencies = [
    { name = "asgiref" },
    { name = "crispy-bootstrap5" },
    { name = "django" },
    { name = "django-crispy-forms" },
    { name = "django-filter" },
    { name = "django-tables2" },
    { name = "et-xmlfile" },
    { name = "openpyxl" },
    { name = "sqlparse" },
    { name = "tablib" },
    { name = "typing-extensions" },
    { name = "tzdata" },
]

[package.dev-dependencies]
dev = [
    { name = "ruff" },
]

[package.metadata]
requires-dist = [
    { name = "asgiref", specifier = "==3.8.1" },
    { name = "crispy-bootstrap5", specifier = "==2024.2" },
    { name = "django", specifier = "==5.1" },
    { name = "django-crispy-forms", specifier = "==2.3" },
    { name = "django-filter", specifier = "==24.3" },
    { name = "django-tables2", specifier = "==2.7.0" },
    { name = "et-xmlfile", specifier = "==1.1.0" },
    { name = "openpyxl", specifier = "==3.1.5" },
    { name = "sqlparse", specifier = "==0.5.1" },
    { name = "tablib", specifier = "==3.6.1" },
    { name = "typing-extensions", specifier = "==4.12.2" },
    { name = "tzdata", specifier = "==2024.1" },
]

[package.metadata.requires-dev]
dev = [{ name = "ruff", specifier = ">=0.6.9" }]

[[package]]
name = "crispy-bootstrap5"
version = "2024.2"
source = { registry = "https://pypi.org/simple" }
dependencies = [
    { name = "django" },
    { name = "django-crispy-forms" },
]
sdist = { url = "https://files.pythonhosted.org/packages/75/45/af5c7a13742650b1187a1a6db5197577b57f2b1ca3a042c3b386ddfbebfc/crispy-bootstrap5-2024.2.tar.gz", hash = "sha256:7d1fa40c6faf472e30e85c72551a3d2c9eedbf0abfff920683315e4e6f670f2b", size = 23411 }
wheels = [
    { url = "https://files.pythonhosted.org/packages/13/11/a1c22b4c803125901af7d2fa683f4c6eb14d511644da5fc0b45a0cb44cae/crispy_bootstrap5-2024.2-py3-none-any.whl", hash = "sha256:3867e320920a6ef156e94f9e0f06a80344c453e1b3bd96cd9dc0522ae9e9afb8", size = 24351 },
]

[[package]]
name = "django"
version = "5.1"
source = { registry = "https://pypi.org/simple" }
dependencies = [
    { name = "asgiref" },
    { name = "sqlparse" },
    { name = "tzdata", marker = "sys_platform == 'win32'" },
]
sdist = { url = "https://files.pythonhosted.org/packages/1e/0c/d854d25bb74a8a3b41e642bbd27fe6af12fadd0edfd07d487809cf0ef719/Django-5.1.tar.gz", hash = "sha256:848a5980e8efb76eea70872fb0e4bc5e371619c70fffbe48e3e1b50b2c09455d", size = 10681050 }
wheels = [
    { url = "https://files.pythonhosted.org/packages/28/b4/110532cebfea2244d76119904da98c6fa045ebb202aee9ec7cbf36ea3cad/Django-5.1-py3-none-any.whl", hash = "sha256:d3b811bf5371a26def053d7ee42a9df1267ef7622323fe70a601936725aa4557", size = 8246099 },
]

[[package]]
name = "django-crispy-forms"
version = "2.3"
source = { registry = "https://pypi.org/simple" }
dependencies = [
    { name = "django" },
]
sdist = { url = "https://files.pythonhosted.org/packages/04/f6/5bce7ae3512171c7c0ca3de31689e2a1ced8b030f156fcf13d2870e5468e/django_crispy_forms-2.3.tar.gz", hash = "sha256:2db17ae08527201be1273f0df789e5f92819e23dd28fec69cffba7f3762e1a38", size = 278849 }
wheels = [
    { url = "https://files.pythonhosted.org/packages/4c/3b/5dc3faf8739d1ce7a73cedaff508b4af8f6aa1684120ded6185ca0c92734/django_crispy_forms-2.3-py3-none-any.whl", hash = "sha256:efc4c31e5202bbec6af70d383a35e12fc80ea769d464fb0e7fe21768bb138a20", size = 31411 },
]

[[package]]
name = "django-filter"
version = "24.3"
source = { registry = "https://pypi.org/simple" }
dependencies = [
    { name = "django" },
]
sdist = { url = "https://files.pythonhosted.org/packages/50/bc/dc19ae39c235332926dd0efe0951f663fa1a9fc6be8430737ff7fd566b20/django_filter-24.3.tar.gz", hash = "sha256:d8ccaf6732afd21ca0542f6733b11591030fa98669f8d15599b358e24a2cd9c3", size = 144444 }
wheels = [
    { url = "https://files.pythonhosted.org/packages/09/b1/92f1c30b47c1ebf510c35a2ccad9448f73437e5891bbd2b4febe357cc3de/django_filter-24.3-py3-none-any.whl", hash = "sha256:c4852822928ce17fb699bcfccd644b3574f1a2d80aeb2b4ff4f16b02dd49dc64", size = 95011 },
]

[[package]]
name = "django-tables2"
version = "2.7.0"
source = { registry = "https://pypi.org/simple" }
dependencies = [
    { name = "django" },
]
sdist = { url = "https://files.pythonhosted.org/packages/54/db/3f2e97f088bb7ab8668ba01373ab42c281aaed20de854808d70e567e00a8/django-tables2-2.7.0.tar.gz", hash = "sha256:4113fcc575eb438a12e83a4d4ea01452e4800d970e8bdd0e4122ac171af1900d", size = 79583 }
wheels = [
    { url = "https://files.pythonhosted.org/packages/54/96/6c722b5f148212351c38b56dc97d76b3c3efe16211fbc09542155b576a8d/django_tables2-2.7.0-py2.py3-none-any.whl", hash = "sha256:99e06d966ca8ac69fd74092eb45c79a280dd5ca0ccb81395d96261f62128e1af", size = 95226 },
]

[[package]]
name = "et-xmlfile"
version = "1.1.0"
source = { registry = "https://pypi.org/simple" }
sdist = { url = "https://files.pythonhosted.org/packages/3d/5d/0413a31d184a20c763ad741cc7852a659bf15094c24840c5bdd1754765cd/et_xmlfile-1.1.0.tar.gz", hash = "sha256:8eb9e2bc2f8c97e37a2dc85a09ecdcdec9d8a396530a6d5a33b30b9a92da0c5c", size = 3218 }
wheels = [
    { url = "https://files.pythonhosted.org/packages/96/c2/3dd434b0108730014f1b96fd286040dc3bcb70066346f7e01ec2ac95865f/et_xmlfile-1.1.0-py3-none-any.whl", hash = "sha256:a2ba85d1d6a74ef63837eed693bcb89c3f752169b0e3e7ae5b16ca5e1b3deada", size = 4688 },
]

[[package]]
name = "openpyxl"
version = "3.1.5"
source = { registry = "https://pypi.org/simple" }
dependencies = [
    { name = "et-xmlfile" },
]
sdist = { url = "https://files.pythonhosted.org/packages/3d/f9/88d94a75de065ea32619465d2f77b29a0469500e99012523b91cc4141cd1/openpyxl-3.1.5.tar.gz", hash = "sha256:cf0e3cf56142039133628b5acffe8ef0c12bc902d2aadd3e0fe5878dc08d1050", size = 186464 }
wheels = [
    { url = "https://files.pythonhosted.org/packages/c0/da/977ded879c29cbd04de313843e76868e6e13408a94ed6b987245dc7c8506/openpyxl-3.1.5-py2.py3-none-any.whl", hash = "sha256:5282c12b107bffeef825f4617dc029afaf41d0ea60823bbb665ef3079dc79de2", size = 250910 },
]

[[package]]
name = "ruff"
version = "0.6.9"
source = { registry = "https://pypi.org/simple" }
sdist = { url = "https://files.pythonhosted.org/packages/26/0d/6148a48dab5662ca1d5a93b7c0d13c03abd3cc7e2f35db08410e47cef15d/ruff-0.6.9.tar.gz", hash = "sha256:b076ef717a8e5bc819514ee1d602bbdca5b4420ae13a9cf61a0c0a4f53a2baa2", size = 3095355 }
wheels = [
    { url = "https://files.pythonhosted.org/packages/6e/8f/f7a0a0ef1818662efb32ed6df16078c95da7a0a3248d64c2410c1e27799f/ruff-0.6.9-py3-none-linux_armv6l.whl", hash = "sha256:064df58d84ccc0ac0fcd63bc3090b251d90e2a372558c0f057c3f75ed73e1ccd", size = 10440526 },
    { url = "https://files.pythonhosted.org/packages/8b/69/b179a5faf936a9e2ab45bb412a668e4661eded964ccfa19d533f29463ef6/ruff-0.6.9-py3-none-macosx_10_12_x86_64.whl", hash = "sha256:140d4b5c9f5fc7a7b074908a78ab8d384dd7f6510402267bc76c37195c02a7ec", size = 10034612 },
    { url = "https://files.pythonhosted.org/packages/c7/ef/fd1b4be979c579d191eeac37b5cfc0ec906de72c8bcd8595e2c81bb700c1/ruff-0.6.9-py3-none-macosx_11_0_arm64.whl", hash = "sha256:53fd8ca5e82bdee8da7f506d7b03a261f24cd43d090ea9db9a1dc59d9313914c", size = 9706197 },
    { url = "https://files.pythonhosted.org/packages/29/61/b376d775deb5851cb48d893c568b511a6d3625ef2c129ad5698b64fb523c/ruff-0.6.9-py3-none-manylinux_2_17_aarch64.manylinux2014_aarch64.whl", hash = "sha256:645d7d8761f915e48a00d4ecc3686969761df69fb561dd914a773c1a8266e14e", size = 10751855 },
    { url = "https://files.pythonhosted.org/packages/13/d7/def9e5f446d75b9a9c19b24231a3a658c075d79163b08582e56fa5dcfa38/ruff-0.6.9-py3-none-manylinux_2_17_armv7l.manylinux2014_armv7l.whl", hash = "sha256:eae02b700763e3847595b9d2891488989cac00214da7f845f4bcf2989007d577", size = 10200889 },
    { url = "https://files.pythonhosted.org/packages/6c/d6/7f34160818bcb6e84ce293a5966cba368d9112ff0289b273fbb689046047/ruff-0.6.9-py3-none-manylinux_2_17_i686.manylinux2014_i686.whl", hash = "sha256:7d5ccc9e58112441de8ad4b29dcb7a86dc25c5f770e3c06a9d57e0e5eba48829", size = 11038678 },
    { url = "https://files.pythonhosted.org/packages/13/34/a40ff8ae62fb1b26fb8e6fa7e64bc0e0a834b47317880de22edd6bfb54fb/ruff-0.6.9-py3-none-manylinux_2_17_ppc64.manylinux2014_ppc64.whl", hash = "sha256:417b81aa1c9b60b2f8edc463c58363075412866ae4e2b9ab0f690dc1e87ac1b5", size = 11808682 },
    { url = "https://files.pythonhosted.org/packages/2e/6d/25a4386ae4009fc798bd10ba48c942d1b0b3e459b5403028f1214b6dd161/ruff-0.6.9-py3-none-manylinux_2_17_ppc64le.manylinux2014_ppc64le.whl", hash = "sha256:3c866b631f5fbce896a74a6e4383407ba7507b815ccc52bcedabb6810fdb3ef7", size = 11330446 },
    { url = "https://files.pythonhosted.org/packages/f7/f6/bdf891a9200d692c94ebcd06ae5a2fa5894e522f2c66c2a12dd5d8cb2654/ruff-0.6.9-py3-none-manylinux_2_17_s390x.manylinux2014_s390x.whl", hash = "sha256:7b118afbb3202f5911486ad52da86d1d52305b59e7ef2031cea3425142b97d6f", size = 12483048 },
    { url = "https://files.pythonhosted.org/packages/a7/86/96f4252f41840e325b3fa6c48297e661abb9f564bd7dcc0572398c8daa42/ruff-0.6.9-py3-none-manylinux_2_17_x86_64.manylinux2014_x86_64.whl", hash = "sha256:a67267654edc23c97335586774790cde402fb6bbdb3c2314f1fc087dee320bfa", size = 10936855 },
    { url = "https://files.pythonhosted.org/packages/45/87/801a52d26c8dbf73424238e9908b9ceac430d903c8ef35eab1b44fcfa2bd/ruff-0.6.9-py3-none-musllinux_1_2_aarch64.whl", hash = "sha256:3ef0cc774b00fec123f635ce5c547dac263f6ee9fb9cc83437c5904183b55ceb", size = 10713007 },
    { url = "https://files.pythonhosted.org/packages/be/27/6f7161d90320a389695e32b6ebdbfbedde28ccbf52451e4b723d7ce744ad/ruff-0.6.9-py3-none-musllinux_1_2_armv7l.whl", hash = "sha256:12edd2af0c60fa61ff31cefb90aef4288ac4d372b4962c2864aeea3a1a2460c0", size = 10274594 },
    { url = "https://files.pythonhosted.org/packages/00/52/dc311775e7b5f5b19831563cb1572ecce63e62681bccc609867711fae317/ruff-0.6.9-py3-none-musllinux_1_2_i686.whl", hash = "sha256:55bb01caeaf3a60b2b2bba07308a02fca6ab56233302406ed5245180a05c5625", size = 10608024 },
    { url = "https://files.pythonhosted.org/packages/98/b6/be0a1ddcbac65a30c985cf7224c4fce786ba2c51e7efeb5178fe410ed3cf/ruff-0.6.9-py3-none-musllinux_1_2_x86_64.whl", hash = "sha256:925d26471fa24b0ce5a6cdfab1bb526fb4159952385f386bdcc643813d472039", size = 10982085 },
    { url = "https://files.pythonhosted.org/packages/bb/a4/c84bc13d0b573cf7bb7d17b16d6d29f84267c92d79b2f478d4ce322e8e72/ruff-0.6.9-py3-none-win32.whl", hash = "sha256:eb61ec9bdb2506cffd492e05ac40e5bc6284873aceb605503d8494180d6fc84d", size = 8522088 },
    { url = "https://files.pythonhosted.org/packages/74/be/fc352bd8ca40daae8740b54c1c3e905a7efe470d420a268cd62150248c91/ruff-0.6.9-py3-none-win_amd64.whl", hash = "sha256:785d31851c1ae91f45b3d8fe23b8ae4b5170089021fbb42402d811135f0b7117", size = 9359275 },
    { url = "https://files.pythonhosted.org/packages/3e/14/fd026bc74ded05e2351681545a5f626e78ef831f8edce064d61acd2e6ec7/ruff-0.6.9-py3-none-win_arm64.whl", hash = "sha256:a9641e31476d601f83cd602608739a0840e348bda93fec9f1ee816f8b6798b93", size = 8679879 },
]

[[package]]
name = "sqlparse"
version = "0.5.1"
source = { registry = "https://pypi.org/simple" }
sdist = { url = "https://files.pythonhosted.org/packages/73/82/dfa23ec2cbed08a801deab02fe7c904bfb00765256b155941d789a338c68/sqlparse-0.5.1.tar.gz", hash = "sha256:bb6b4df465655ef332548e24f08e205afc81b9ab86cb1c45657a7ff173a3a00e", size = 84502 }
wheels = [
    { url = "https://files.pythonhosted.org/packages/5d/a5/b2860373aa8de1e626b2bdfdd6df4355f0565b47e51f7d0c54fe70faf8fe/sqlparse-0.5.1-py3-none-any.whl", hash = "sha256:773dcbf9a5ab44a090f3441e2180efe2560220203dc2f8c0b0fa141e18b505e4", size = 44156 },
]

[[package]]
name = "tablib"
version = "3.6.1"
source = { registry = "https://pypi.org/simple" }
sdist = { url = "https://files.pythonhosted.org/packages/5e/ac/b44905c06f86658b49830e1155d1f327eb70cbd1087d97c9dc62182499a3/tablib-3.6.1.tar.gz", hash = "sha256:040685fde11e9237675f43e985edb94b63250a5e9236f89d561ce6fb1465b839", size = 119207 }
wheels = [
    { url = "https://files.pythonhosted.org/packages/ff/d0/30af53e5ae2c4cb27aa114c1af1f1aa21709159a2516d7b2380dca31483f/tablib-3.6.1-py3-none-any.whl", hash = "sha256:c771d38ed1d74350a69873db43e0afb7f1cca0ed2915a7243094463eb6789207", size = 47062 },
]

[[package]]
name = "typing-extensions"
version = "4.12.2"
source = { registry = "https://pypi.org/simple" }
sdist = { url = "https://files.pythonhosted.org/packages/df/db/f35a00659bc03fec321ba8bce9420de607a1d37f8342eee1863174c69557/typing_extensions-4.12.2.tar.gz", hash = "sha256:1a7ead55c7e559dd4dee8856e3a88b41225abfe1ce8df57b7c13915fe121ffb8", size = 85321 }
wheels = [
    { url = "https://files.pythonhosted.org/packages/26/9f/ad63fc0248c5379346306f8668cda6e2e2e9c95e01216d2b8ffd9ff037d0/typing_extensions-4.12.2-py3-none-any.whl", hash = "sha256:04e5ca0351e0f3f85c6853954072df659d0d13fac324d0072316b67d7794700d", size = 37438 },
]

[[package]]
name = "tzdata"
version = "2024.1"
source = { registry = "https://pypi.org/simple" }
sdist = { url = "https://files.pythonhosted.org/packages/74/5b/e025d02cb3b66b7b76093404392d4b44343c69101cc85f4d180dd5784717/tzdata-2024.1.tar.gz", hash = "sha256:2674120f8d891909751c38abcdfd386ac0a5a1127954fbc332af6b5ceae07efd", size = 190559 }
wheels = [
    { url = "https://files.pythonhosted.org/packages/65/58/f9c9e6be752e9fcb8b6a0ee9fb87e6e7a1f6bcab2cdc73f02bb7ba91ada0/tzdata-2024.1-py2.py3-none-any.whl", hash = "sha256:9068bc196136463f5245e51efda838afa15aaeca9903f49050dfa2679db4d252", size = 345370 },
]
